
Microsoft Visual Studio Solution File, Format Version 12.00
# Visual Studio Version 17
VisualStudioVersion = 17.7.34221.43
MinimumVisualStudioVersion = 10.0.40219.1
Project("{FAE04EC0-301F-11D3-BF4B-00C04F79EFBC}") = "Music Player WFApp .Net", "Music Player WFApp .Net.csproj", "{7373A110-CB64-473F-B5F9-7671A91FDAA5}"
EndProject
Global
	GlobalSection(SolutionConfigurationPlatforms) = preSolution
		Debug|Any CPU = Debug|Any CPU
		Release|Any CPU = Release|Any CPU
	EndGlobalSection
	GlobalSection(ProjectConfigurationPlatforms) = postSolution
		{7373A110-CB64-473F-B5F9-7671A91FDAA5}.Debug|Any CPU.ActiveCfg = Debug|Any CPU
		{7373A110-CB64-473F-B5F9-7671A91FDAA5}.Debug|Any CPU.Build.0 = Debug|Any CPU
		{7373A110-CB64-473F-B5F9-7671A91FDAA5}.Release|Any CPU.ActiveCfg = Release|Any CPU
		{7373A110-CB64-473F-B5F9-7671A91FDAA5}.Release|Any CPU.Build.0 = Release|Any CPU
	EndGlobalSection
	GlobalSection(SolutionProperties) = preSolution
		HideSolutionNode = FALSE
	EndGlobalSection
	GlobalSection(ExtensibilityGlobals) = postSolution
		SolutionGuid = {2BFA6914-8FFB-4BF8-9262-AC633D58189A}
	EndGlobalSection
EndGlobal
